
Microsoft Visual Studio Solution File, Format Version 12.00
# Visual Studio Version 16
VisualStudioVersion = 16.0.31025.194
MinimumVisualStudioVersion = 10.0.40219.1
Project("{FAE04EC0-301F-11D3-BF4B-00C04F79EFBC}") = "LessonNo1", "LessonNo1\LessonNo1.csproj", "{953D1175-8C4F-4DC1-B929-DD2BCF8FBC49}"
EndProject
Project("{FAE04EC0-301F-11D3-BF4B-00C04F79EFBC}") = "ConsoleApp1", "ConsoleApp1\ConsoleApp1.csproj", "{809F3DCE-0632-47E0-B8FF-CDC8441CEF4A}"
EndProject
Global
	GlobalSection(SolutionConfigurationPlatforms) = preSolution
		Debug|Any CPU = Debug|Any CPU
		Release|Any CPU = Release|Any CPU
	EndGlobalSection
	GlobalSection(ProjectConfigurationPlatforms) = postSolution
		{953D1175-8C4F-4DC1-B929-DD2BCF8FBC49}.Debug|Any CPU.ActiveCfg = Debug|Any CPU
		{953D1175-8C4F-4DC1-B929-DD2BCF8FBC49}.Debug|Any CPU.Build.0 = Debug|Any CPU
		{953D1175-8C4F-4DC1-B929-DD2BCF8FBC49}.Release|Any CPU.ActiveCfg = Release|Any CPU
		{953D1175-8C4F-4DC1-B929-DD2BCF8FBC49}.Release|Any CPU.Build.0 = Release|Any CPU
		{809F3DCE-0632-47E0-B8FF-CDC8441CEF4A}.Debug|Any CPU.ActiveCfg = Debug|Any CPU
		{809F3DCE-0632-47E0-B8FF-CDC8441CEF4A}.Debug|Any CPU.Build.0 = Debug|Any CPU
		{809F3DCE-0632-47E0-B8FF-CDC8441CEF4A}.Release|Any CPU.ActiveCfg = Release|Any CPU
		{809F3DCE-0632-47E0-B8FF-CDC8441CEF4A}.Release|Any CPU.Build.0 = Release|Any CPU
	EndGlobalSection
	GlobalSection(SolutionProperties) = preSolution
		HideSolutionNode = FALSE
	EndGlobalSection
	GlobalSection(ExtensibilityGlobals) = postSolution
		SolutionGuid = {DA71F4E3-488E-4FCB-BDE0-EC269B5DEED0}
	EndGlobalSection
EndGlobal
